
Microsoft Visual Studio Solution File, Format Version 12.00
# Visual Studio Version 17
VisualStudioVersion = 17.9.34321.82
MinimumVisualStudioVersion = 10.0.40219.1
Project("{9A19103F-16F7-4668-BE54-9A1E7A4F7556}") = "task1", "task1\task1.csproj", "{4DAD936A-6BD8-49E3-B7F5-86078E4E7703}"
EndProject
Project("{FAE04EC0-301F-11D3-BF4B-00C04F79EFBC}") = "task2", "task2\task2.csproj", "{032E112D-4C25-4204-AA42-0DBE200676A3}"
EndProject
Project("{FAE04EC0-301F-11D3-BF4B-00C04F79EFBC}") = "task3", "task3\task3.csproj", "{8241E491-6362-4E53-A56D-2B2F45AC0997}"
EndProject
Global
	GlobalSection(SolutionConfigurationPlatforms) = preSolution
		Debug|Any CPU = Debug|Any CPU
		Release|Any CPU = Release|Any CPU
	EndGlobalSection
	GlobalSection(ProjectConfigurationPlatforms) = postSolution
		{4DAD936A-6BD8-49E3-B7F5-86078E4E7703}.Debug|Any CPU.ActiveCfg = Debug|Any CPU
		{4DAD936A-6BD8-49E3-B7F5-86078E4E7703}.Debug|Any CPU.Build.0 = Debug|Any CPU
		{4DAD936A-6BD8-49E3-B7F5-86078E4E7703}.Release|Any CPU.ActiveCfg = Release|Any CPU
		{4DAD936A-6BD8-49E3-B7F5-86078E4E7703}.Release|Any CPU.Build.0 = Release|Any CPU
		{032E112D-4C25-4204-AA42-0DBE200676A3}.Debug|Any CPU.ActiveCfg = Debug|Any CPU
		{032E112D-4C25-4204-AA42-0DBE200676A3}.Debug|Any CPU.Build.0 = Debug|Any CPU
		{032E112D-4C25-4204-AA42-0DBE200676A3}.Release|Any CPU.ActiveCfg = Release|Any CPU
		{032E112D-4C25-4204-AA42-0DBE200676A3}.Release|Any CPU.Build.0 = Release|Any CPU
		{8241E491-6362-4E53-A56D-2B2F45AC0997}.Debug|Any CPU.ActiveCfg = Debug|Any CPU
		{8241E491-6362-4E53-A56D-2B2F45AC0997}.Debug|Any CPU.Build.0 = Debug|Any CPU
		{8241E491-6362-4E53-A56D-2B2F45AC0997}.Release|Any CPU.ActiveCfg = Release|Any CPU
		{8241E491-6362-4E53-A56D-2B2F45AC0997}.Release|Any CPU.Build.0 = Release|Any CPU
	EndGlobalSection
	GlobalSection(SolutionProperties) = preSolution
		HideSolutionNode = FALSE
	EndGlobalSection
	GlobalSection(ExtensibilityGlobals) = postSolution
		SolutionGuid = {54BFD08F-A925-488F-945E-F802442A0645}
	EndGlobalSection
EndGlobal
